
Microsoft Visual Studio Solution File, Format Version 12.00
# Visual Studio Version 17
VisualStudioVersion = 17.2.32630.192
MinimumVisualStudioVersion = 10.0.40219.1
Project("{9A19103F-16F7-4668-BE54-9A1E7A4F7556}") = "WebApplication8", "WebApplication8\WebApplication8.csproj", "{2D8713D8-5DB3-4876-9C21-EFC58F26491F}"
EndProject
Project("{FAE04EC0-301F-11D3-BF4B-00C04F79EFBC}") = "Datos", "Datos\Datos.csproj", "{78C19F0E-65D3-46DA-8299-749D06FCAFF7}"
EndProject
Project("{FAE04EC0-301F-11D3-BF4B-00C04F79EFBC}") = "Entidades", "Entidades\Entidades.csproj", "{54756C40-78C2-4C77-97CD-AA977D2854C7}"
EndProject
Project("{FAE04EC0-301F-11D3-BF4B-00C04F79EFBC}") = "Servicio", "Servicio\Servicio.csproj", "{FF97CE26-86DE-4300-BF99-6A62D3827578}"
EndProject
Global
	GlobalSection(SolutionConfigurationPlatforms) = preSolution
		Debug|Any CPU = Debug|Any CPU
		Release|Any CPU = Release|Any CPU
	EndGlobalSection
	GlobalSection(ProjectConfigurationPlatforms) = postSolution
		{2D8713D8-5DB3-4876-9C21-EFC58F26491F}.Debug|Any CPU.ActiveCfg = Debug|Any CPU
		{2D8713D8-5DB3-4876-9C21-EFC58F26491F}.Debug|Any CPU.Build.0 = Debug|Any CPU
		{2D8713D8-5DB3-4876-9C21-EFC58F26491F}.Release|Any CPU.ActiveCfg = Release|Any CPU
		{2D8713D8-5DB3-4876-9C21-EFC58F26491F}.Release|Any CPU.Build.0 = Release|Any CPU
		{78C19F0E-65D3-46DA-8299-749D06FCAFF7}.Debug|Any CPU.ActiveCfg = Debug|Any CPU
		{78C19F0E-65D3-46DA-8299-749D06FCAFF7}.Debug|Any CPU.Build.0 = Debug|Any CPU
		{78C19F0E-65D3-46DA-8299-749D06FCAFF7}.Release|Any CPU.ActiveCfg = Release|Any CPU
		{78C19F0E-65D3-46DA-8299-749D06FCAFF7}.Release|Any CPU.Build.0 = Release|Any CPU
		{54756C40-78C2-4C77-97CD-AA977D2854C7}.Debug|Any CPU.ActiveCfg = Debug|Any CPU
		{54756C40-78C2-4C77-97CD-AA977D2854C7}.Debug|Any CPU.Build.0 = Debug|Any CPU
		{54756C40-78C2-4C77-97CD-AA977D2854C7}.Release|Any CPU.ActiveCfg = Release|Any CPU
		{54756C40-78C2-4C77-97CD-AA977D2854C7}.Release|Any CPU.Build.0 = Release|Any CPU
		{FF97CE26-86DE-4300-BF99-6A62D3827578}.Debug|Any CPU.ActiveCfg = Debug|Any CPU
		{FF97CE26-86DE-4300-BF99-6A62D3827578}.Debug|Any CPU.Build.0 = Debug|Any CPU
		{FF97CE26-86DE-4300-BF99-6A62D3827578}.Release|Any CPU.ActiveCfg = Release|Any CPU
		{FF97CE26-86DE-4300-BF99-6A62D3827578}.Release|Any CPU.Build.0 = Release|Any CPU
	EndGlobalSection
	GlobalSection(SolutionProperties) = preSolution
		HideSolutionNode = FALSE
	EndGlobalSection
	GlobalSection(ExtensibilityGlobals) = postSolution
		SolutionGuid = {1288E75D-C9E3-4BC5-988D-F4B20CF5F27F}
	EndGlobalSection
EndGlobal
